
Microsoft Visual Studio Solution File, Format Version 12.00
# Visual Studio Version 16
VisualStudioVersion = 16.0.31424.327
MinimumVisualStudioVersion = 10.0.40219.1
Project("{FAE04EC0-301F-11D3-BF4B-00C04F79EFBC}") = "GraphicalProgrammingLanguageApplication", "GraphicalProgrammingLanguageApplication\GraphicalProgrammingLanguageApplication.csproj", "{BE5D3D83-DBBD-4BB2-A715-63EB1998D485}"
EndProject
Global
	GlobalSection(SolutionConfigurationPlatforms) = preSolution
		Debug|Any CPU = Debug|Any CPU
		Release|Any CPU = Release|Any CPU
	EndGlobalSection
	GlobalSection(ProjectConfigurationPlatforms) = postSolution
		{BE5D3D83-DBBD-4BB2-A715-63EB1998D485}.Debug|Any CPU.ActiveCfg = Debug|Any CPU
		{BE5D3D83-DBBD-4BB2-A715-63EB1998D485}.Debug|Any CPU.Build.0 = Debug|Any CPU
		{BE5D3D83-DBBD-4BB2-A715-63EB1998D485}.Release|Any CPU.ActiveCfg = Release|Any CPU
		{BE5D3D83-DBBD-4BB2-A715-63EB1998D485}.Release|Any CPU.Build.0 = Release|Any CPU
	EndGlobalSection
	GlobalSection(SolutionProperties) = preSolution
		HideSolutionNode = FALSE
	EndGlobalSection
	GlobalSection(ExtensibilityGlobals) = postSolution
		SolutionGuid = {248BBAD9-890B-4DB3-9898-67C0B56537E2}
	EndGlobalSection
EndGlobal
